// !$*UTF8*$!
{
	archiveVersion = 1;
	classes = {
	};
	objectVersion = 50;
	objects = {

/* Begin PBXBuildFile section */
		6760A586E218B355F67CA52E /* Pods_VK_NewsFeed.framework in Frameworks */ = {isa = PBXBuildFile; fileRef = 2FF1C49CA76B5EA462FB5485 /* Pods_VK_NewsFeed.framework */; };
		D452B96A267D2ACD002AA357 /* AppDelegate.swift in Sources */ = {isa = PBXBuildFile; fileRef = D452B969267D2ACD002AA357 /* AppDelegate.swift */; };
		D452B96C267D2ACD002AA357 /* SceneDelegate.swift in Sources */ = {isa = PBXBuildFile; fileRef = D452B96B267D2ACD002AA357 /* SceneDelegate.swift */; };
		D452B96E267D2ACD002AA357 /* ViewController.swift in Sources */ = {isa = PBXBuildFile; fileRef = D452B96D267D2ACD002AA357 /* ViewController.swift */; };
		D452B971267D2ACE002AA357 /* Main.storyboard in Resources */ = {isa = PBXBuildFile; fileRef = D452B96F267D2ACE002AA357 /* Main.storyboard */; };
		D452B973267D2ACF002AA357 /* Assets.xcassets in Resources */ = {isa = PBXBuildFile; fileRef = D452B972267D2ACF002AA357 /* Assets.xcassets */; };
		D452B976267D2ACF002AA357 /* LaunchScreen.storyboard in Resources */ = {isa = PBXBuildFile; fileRef = D452B974267D2ACF002AA357 /* LaunchScreen.storyboard */; };
		D452B981267D2CA6002AA357 /* Tabbar.storyboard in Resources */ = {isa = PBXBuildFile; fileRef = D452B980267D2CA6002AA357 /* Tabbar.storyboard */; };
		D452B983267D2EC5002AA357 /* TabbarController.swift in Sources */ = {isa = PBXBuildFile; fileRef = D452B982267D2EC5002AA357 /* TabbarController.swift */; };
/* End PBXBuildFile section */

/* Begin PBXFileReference section */
		2FF1C49CA76B5EA462FB5485 /* Pods_VK_NewsFeed.framework */ = {isa = PBXFileReference; explicitFileType = wrapper.framework; includeInIndex = 0; path = Pods_VK_NewsFeed.framework; sourceTree = BUILT_PRODUCTS_DIR; };
		5E0A40EB6C7F214E53F923AB /* Pods-VK_NewsFeed.debug.xcconfig */ = {isa = PBXFileReference; includeInIndex = 1; lastKnownFileType = text.xcconfig; name = "Pods-VK_NewsFeed.debug.xcconfig"; path = "Target Support Files/Pods-VK_NewsFeed/Pods-VK_NewsFeed.debug.xcconfig"; sourceTree = "<group>"; };
		BFF47B1C44E89137E32B4AE4 /* Pods-VK_NewsFeed.release.xcconfig */ = {isa = PBXFileReference; includeInIndex = 1; lastKnownFileType = text.xcconfig; name = "Pods-VK_NewsFeed.release.xcconfig"; path = "Target Support Files/Pods-VK_NewsFeed/Pods-VK_NewsFeed.release.xcconfig"; sourceTree = "<group>"; };
		D452B966267D2ACD002AA357 /* VK_NewsFeed.app */ = {isa = PBXFileReference; explicitFileType = wrapper.application; includeInIndex = 0; path = VK_NewsFeed.app; sourceTree = BUILT_PRODUCTS_DIR; };
		D452B969267D2ACD002AA357 /* AppDelegate.swift */ = {isa = PBXFileReference; lastKnownFileType = sourcecode.swift; path = AppDelegate.swift; sourceTree = "<group>"; };
		D452B96B267D2ACD002AA357 /* SceneDelegate.swift */ = {isa = PBXFileReference; lastKnownFileType = sourcecode.swift; path = SceneDelegate.swift; sourceTree = "<group>"; };
		D452B96D267D2ACD002AA357 /* ViewController.swift */ = {isa = PBXFileReference; lastKnownFileType = sourcecode.swift; path = ViewController.swift; sourceTree = "<group>"; };
		D452B970267D2ACE002AA357 /* Base */ = {isa = PBXFileReference; lastKnownFileType = file.storyboard; name = Base; path = Base.lproj/Main.storyboard; sourceTree = "<group>"; };
		D452B972267D2ACF002AA357 /* Assets.xcassets */ = {isa = PBXFileReference; lastKnownFileType = folder.assetcatalog; path = Assets.xcassets; sourceTree = "<group>"; };
		D452B975267D2ACF002AA357 /* Base */ = {isa = PBXFileReference; lastKnownFileType = file.storyboard; name = Base; path = Base.lproj/LaunchScreen.storyboard; sourceTree = "<group>"; };
		D452B977267D2ACF002AA357 /* Info.plist */ = {isa = PBXFileReference; lastKnownFileType = text.plist.xml; path = Info.plist; sourceTree = "<group>"; };
		D452B980267D2CA6002AA357 /* Tabbar.storyboard */ = {isa = PBXFileReference; lastKnownFileType = file.storyboard; path = Tabbar.storyboard; sourceTree = "<group>"; };
		D452B982267D2EC5002AA357 /* TabbarController.swift */ = {isa = PBXFileReference; lastKnownFileType = sourcecode.swift; path = TabbarController.swift; sourceTree = "<group>"; };
/* End PBXFileReference section */

/* Begin PBXFrameworksBuildPhase section */
		D452B963267D2ACD002AA357 /* Frameworks */ = {
			isa = PBXFrameworksBuildPhase;
			buildActionMask = 2147483647;
			files = (
				6760A586E218B355F67CA52E /* Pods_VK_NewsFeed.framework in Frameworks */,
			);
			runOnlyForDeploymentPostprocessing = 0;
		};
/* End PBXFrameworksBuildPhase section */

/* Begin PBXGroup section */
		717E3353D25318CF05F0BE8F /* Pods */ = {
			isa = PBXGroup;
			children = (
				5E0A40EB6C7F214E53F923AB /* Pods-VK_NewsFeed.debug.xcconfig */,
				BFF47B1C44E89137E32B4AE4 /* Pods-VK_NewsFeed.release.xcconfig */,
			);
			name = Pods;
			path = Pods;
			sourceTree = "<group>";
		};
		B911928CCB7DC24652C6047B /* Frameworks */ = {
			isa = PBXGroup;
			children = (
				2FF1C49CA76B5EA462FB5485 /* Pods_VK_NewsFeed.framework */,
			);
			name = Frameworks;
			sourceTree = "<group>";
		};
		D452B95D267D2ACD002AA357 = {
			isa = PBXGroup;
			children = (
				D452B968267D2ACD002AA357 /* VK_NewsFeed */,
				D452B967267D2ACD002AA357 /* Products */,
				717E3353D25318CF05F0BE8F /* Pods */,
				B911928CCB7DC24652C6047B /* Frameworks */,
			);
			sourceTree = "<group>";
		};
		D452B967267D2ACD002AA357 /* Products */ = {
			isa = PBXGroup;
			children = (
				D452B966267D2ACD002AA357 /* VK_NewsFeed.app */,
			);
			name = Products;
			sourceTree = "<group>";
		};
		D452B968267D2ACD002AA357 /* VK_NewsFeed */ = {
			isa = PBXGroup;
			children = (
				D452B97D267D2BB6002AA357 /* Application */,
				D452B97E267D2BC7002AA357 /* Main */,
				D452B97F267D2C7F002AA357 /* Tabbar */,
				D452B972267D2ACF002AA357 /* Assets.xcassets */,
				D452B974267D2ACF002AA357 /* LaunchScreen.storyboard */,
				D452B977267D2ACF002AA357 /* Info.plist */,
			);
			path = VK_NewsFeed;
			sourceTree = "<group>";
		};
		D452B97D267D2BB6002AA357 /* Application */ = {
			isa = PBXGroup;
			children = (
				D452B969267D2ACD002AA357 /* AppDelegate.swift */,
				D452B96B267D2ACD002AA357 /* SceneDelegate.swift */,
			);
			path = Application;
			sourceTree = "<group>";
		};
		D452B97E267D2BC7002AA357 /* Main */ = {
			isa = PBXGroup;
			children = (
				D452B96D267D2ACD002AA357 /* ViewController.swift */,
				D452B96F267D2ACE002AA357 /* Main.storyboard */,
			);
			path = Main;
			sourceTree = "<group>";
		};
		D452B97F267D2C7F002AA357 /* Tabbar */ = {
			isa = PBXGroup;
			children = (
				D452B980267D2CA6002AA357 /* Tabbar.storyboard */,
				D452B982267D2EC5002AA357 /* TabbarController.swift */,
			);
			path = Tabbar;
			sourceTree = "<group>";
		};
/* End PBXGroup section */

/* Begin PBXNativeTarget section */
		D452B965267D2ACD002AA357 /* VK_NewsFeed */ = {
			isa = PBXNativeTarget;
			buildConfigurationList = D452B97A267D2ACF002AA357 /* Build configuration list for PBXNativeTarget "VK_NewsFeed" */;
			buildPhases = (
				431A99A91388033B7D5CECA6 /* [CP] Check Pods Manifest.lock */,
				D452B962267D2ACD002AA357 /* Sources */,
				D452B963267D2ACD002AA357 /* Frameworks */,
				D452B964267D2ACD002AA357 /* Resources */,
				1BB80C8C5487B766B3E1FE3E /* [CP] Embed Pods Frameworks */,
			);
			buildRules = (
			);
			dependencies = (
			);
			name = VK_NewsFeed;
			productName = VK_NewsFeed;
			productReference = D452B966267D2ACD002AA357 /* VK_NewsFeed.app */;
			productType = "com.apple.product-type.application";
		};
/* End PBXNativeTarget section */

/* Begin PBXProject section */
		D452B95E267D2ACD002AA357 /* Project object */ = {
			isa = PBXProject;
			attributes = {
				LastSwiftUpdateCheck = 1250;
				LastUpgradeCheck = 1250;
				TargetAttributes = {
					D452B965267D2ACD002AA357 = {
						CreatedOnToolsVersion = 12.5;
					};
				};
			};
			buildConfigurationList = D452B961267D2ACD002AA357 /* Build configuration list for PBXProject "VK_NewsFeed" */;
			compatibilityVersion = "Xcode 9.3";
			developmentRegion = en;
			hasScannedForEncodings = 0;
			knownRegions = (
				en,
				Base,
			);
			mainGroup = D452B95D267D2ACD002AA357;
			productRefGroup = D452B967267D2ACD002AA357 /* Products */;
			projectDirPath = "";
			projectRoot = "";
			targets = (
				D452B965267D2ACD002AA357 /* VK_NewsFeed */,
			);
		};
/* End PBXProject section */

/* Begin PBXResourcesBuildPhase section */
		D452B964267D2ACD002AA357 /* Resources */ = {
			isa = PBXResourcesBuildPhase;
			buildActionMask = 2147483647;
			files = (
				D452B981267D2CA6002AA357 /* Tabbar.storyboard in Resources */,
				D452B976267D2ACF002AA357 /* LaunchScreen.storyboard in Resources */,
				D452B973267D2ACF002AA357 /* Assets.xcassets in Resources */,
				D452B971267D2ACE002AA357 /* Main.storyboard in Resources */,
			);
			runOnlyForDeploymentPostprocessing = 0;
		};
/* End PBXResourcesBuildPhase section */

/* Begin PBXShellScriptBuildPhase section */
		1BB80C8C5487B766B3E1FE3E /* [CP] Embed Pods Frameworks */ = {
			isa = PBXShellScriptBuildPhase;
			buildActionMask = 2147483647;
			files = (
			);
			inputFileListPaths = (
				"${PODS_ROOT}/Target Support Files/Pods-VK_NewsFeed/Pods-VK_NewsFeed-frameworks-${CONFIGURATION}-input-files.xcfilelist",
			);
			name = "[CP] Embed Pods Frameworks";
			outputFileListPaths = (
				"${PODS_ROOT}/Target Support Files/Pods-VK_NewsFeed/Pods-VK_NewsFeed-frameworks-${CONFIGURATION}-output-files.xcfilelist",
			);
			runOnlyForDeploymentPostprocessing = 0;
			shellPath = /bin/sh;
			shellScript = "\"${PODS_ROOT}/Target Support Files/Pods-VK_NewsFeed/Pods-VK_NewsFeed-frameworks.sh\"\n";
			showEnvVarsInLog = 0;
		};
		431A99A91388033B7D5CECA6 /* [CP] Check Pods Manifest.lock */ = {
			isa = PBXShellScriptBuildPhase;
			buildActionMask = 2147483647;
			files = (
			);
			inputFileListPaths = (
			);
			inputPaths = (
				"${PODS_PODFILE_DIR_PATH}/Podfile.lock",
				"${PODS_ROOT}/Manifest.lock",
			);
			name = "[CP] Check Pods Manifest.lock";
			outputFileListPaths = (
			);
			outputPaths = (
				"$(DERIVED_FILE_DIR)/Pods-VK_NewsFeed-checkManifestLockResult.txt",
			);
			runOnlyForDeploymentPostprocessing = 0;
			shellPath = /bin/sh;
			shellScript = "diff \"${PODS_PODFILE_DIR_PATH}/Podfile.lock\" \"${PODS_ROOT}/Manifest.lock\" > /dev/null\nif [ $? != 0 ] ; then\n    # print error to STDERR\n    echo \"error: The sandbox is not in sync with the Podfile.lock. Run 'pod install' or update your CocoaPods installation.\" >&2\n    exit 1\nfi\n# This output is used by Xcode 'outputs' to avoid re-running this script phase.\necho \"SUCCESS\" > \"${SCRIPT_OUTPUT_FILE_0}\"\n";
			showEnvVarsInLog = 0;
		};
/* End PBXShellScriptBuildPhase section */

/* Begin PBXSourcesBuildPhase section */
		D452B962267D2ACD002AA357 /* Sources */ = {
			isa = PBXSourcesBuildPhase;
			buildActionMask = 2147483647;
			files = (
				D452B96E267D2ACD002AA357 /* ViewController.swift in Sources */,
				D452B96A267D2ACD002AA357 /* AppDelegate.swift in Sources */,
				D452B983267D2EC5002AA357 /* TabbarController.swift in Sources */,
				D452B96C267D2ACD002AA357 /* SceneDelegate.swift in Sources */,
			);
			runOnlyForDeploymentPostprocessing = 0;
		};
/* End PBXSourcesBuildPhase section */

/* Begin PBXVariantGroup section */
		D452B96F267D2ACE002AA357 /* Main.storyboard */ = {
			isa = PBXVariantGroup;
			children = (
				D452B970267D2ACE002AA357 /* Base */,
			);
			name = Main.storyboard;
			sourceTree = "<group>";
		};
		D452B974267D2ACF002AA357 /* LaunchScreen.storyboard */ = {
			isa = PBXVariantGroup;
			children = (
				D452B975267D2ACF002AA357 /* Base */,
			);
			name = LaunchScreen.storyboard;
			sourceTree = "<group>";
		};
/* End PBXVariantGroup section */

/* Begin XCBuildConfiguration section */
		D452B978267D2ACF002AA357 /* Debug */ = {
			isa = XCBuildConfiguration;
			buildSettings = {
				ALWAYS_SEARCH_USER_PATHS = NO;
				CLANG_ANALYZER_NONNULL = YES;
				CLANG_ANALYZER_NUMBER_OBJECT_CONVERSION = YES_AGGRESSIVE;
				CLANG_CXX_LANGUAGE_STANDARD = "gnu++14";
				CLANG_CXX_LIBRARY = "libc++";
				CLANG_ENABLE_MODULES = YES;
				CLANG_ENABLE_OBJC_ARC = YES;
				CLANG_ENABLE_OBJC_WEAK = YES;
				CLANG_WARN_BLOCK_CAPTURE_AUTORELEASING = YES;
				CLANG_WARN_BOOL_CONVERSION = YES;
				CLANG_WARN_COMMA = YES;
				CLANG_WARN_CONSTANT_CONVERSION = YES;
				CLANG_WARN_DEPRECATED_OBJC_IMPLEMENTATIONS = YES;
				CLANG_WARN_DIRECT_OBJC_ISA_USAGE = YES_ERROR;
				CLANG_WARN_DOCUMENTATION_COMMENTS = YES;
				CLANG_WARN_EMPTY_BODY = YES;
				CLANG_WARN_ENUM_CONVERSION = YES;
				CLANG_WARN_INFINITE_RECURSION = YES;
				CLANG_WARN_INT_CONVERSION = YES;
				CLANG_WARN_NON_LITERAL_NULL_CONVERSION = YES;
				CLANG_WARN_OBJC_IMPLICIT_RETAIN_SELF = YES;
				CLANG_WARN_OBJC_LITERAL_CONVERSION = YES;
				CLANG_WARN_OBJC_ROOT_CLASS = YES_ERROR;
				CLANG_WARN_QUOTED_INCLUDE_IN_FRAMEWORK_HEADER = YES;
				CLANG_WARN_RANGE_LOOP_ANALYSIS = YES;
				CLANG_WARN_STRICT_PROTOTYPES = YES;
				CLANG_WARN_SUSPICIOUS_MOVE = YES;
				CLANG_WARN_UNGUARDED_AVAILABILITY = YES_AGGRESSIVE;
				CLANG_WARN_UNREACHABLE_CODE = YES;
				CLANG_WARN__DUPLICATE_METHOD_MATCH = YES;
				COPY_PHASE_STRIP = NO;
				DEBUG_INFORMATION_FORMAT = dwarf;
				ENABLE_STRICT_OBJC_MSGSEND = YES;
				ENABLE_TESTABILITY = YES;
				GCC_C_LANGUAGE_STANDARD = gnu11;
				GCC_DYNAMIC_NO_PIC = NO;
				GCC_NO_COMMON_BLOCKS = YES;
				GCC_OPTIMIZATION_LEVEL = 0;
				GCC_PREPROCESSOR_DEFINITIONS = (
					"DEBUG=1",
					"$(inherited)",
				);
				GCC_WARN_64_TO_32_BIT_CONVERSION = YES;
				GCC_WARN_ABOUT_RETURN_TYPE = YES_ERROR;
				GCC_WARN_UNDECLARED_SELECTOR = YES;
				GCC_WARN_UNINITIALIZED_AUTOS = YES_AGGRESSIVE;
				GCC_WARN_UNUSED_FUNCTION = YES;
				GCC_WARN_UNUSED_VARIABLE = YES;
				IPHONEOS_DEPLOYMENT_TARGET = 14.5;
				MTL_ENABLE_DEBUG_INFO = INCLUDE_SOURCE;
				MTL_FAST_MATH = YES;
				ONLY_ACTIVE_ARCH = YES;
				SDKROOT = iphoneos;
				SWIFT_ACTIVE_COMPILATION_CONDITIONS = DEBUG;
				SWIFT_OPTIMIZATION_LEVEL = "-Onone";
			};
			name = Debug;
		};
		D452B979267D2ACF002AA357 /* Release */ = {
			isa = XCBuildConfiguration;
			buildSettings = {
				ALWAYS_SEARCH_USER_PATHS = NO;
				CLANG_ANALYZER_NONNULL = YES;
				CLANG_ANALYZER_NUMBER_OBJECT_CONVERSION = YES_AGGRESSIVE;
				CLANG_CXX_LANGUAGE_STANDARD = "gnu++14";
				CLANG_CXX_LIBRARY = "libc++";
				CLANG_ENABLE_MODULES = YES;
				CLANG_ENABLE_OBJC_ARC = YES;
				CLANG_ENABLE_OBJC_WEAK = YES;
				CLANG_WARN_BLOCK_CAPTURE_AUTORELEASING = YES;
				CLANG_WARN_BOOL_CONVERSION = YES;
				CLANG_WARN_COMMA = YES;
				CLANG_WARN_CONSTANT_CONVERSION = YES;
				CLANG_WARN_DEPRECATED_OBJC_IMPLEMENTATIONS = YES;
				CLANG_WARN_DIRECT_OBJC_ISA_USAGE = YES_ERROR;
				CLANG_WARN_DOCUMENTATION_COMMENTS = YES;
				CLANG_WARN_EMPTY_BODY = YES;
				CLANG_WARN_ENUM_CONVERSION = YES;
				CLANG_WARN_INFINITE_RECURSION = YES;
				CLANG_WARN_INT_CONVERSION = YES;
				CLANG_WARN_NON_LITERAL_NULL_CONVERSION = YES;
				CLANG_WARN_OBJC_IMPLICIT_RETAIN_SELF = YES;
				CLANG_WARN_OBJC_LITERAL_CONVERSION = YES;
				CLANG_WARN_OBJC_ROOT_CLASS = YES_ERROR;
				CLANG_WARN_QUOTED_INCLUDE_IN_FRAMEWORK_HEADER = YES;
				CLANG_WARN_RANGE_LOOP_ANALYSIS = YES;
				CLANG_WARN_STRICT_PROTOTYPES = YES;
				CLANG_WARN_SUSPICIOUS_MOVE = YES;
				CLANG_WARN_UNGUARDED_AVAILABILITY = YES_AGGRESSIVE;
				CLANG_WARN_UNREACHABLE_CODE = YES;
				CLANG_WARN__DUPLICATE_METHOD_MATCH = YES;
				COPY_PHASE_STRIP = NO;
				DEBUG_INFORMATION_FORMAT = "dwarf-with-dsym";
				ENABLE_NS_ASSERTIONS = NO;
				ENABLE_STRICT_OBJC_MSGSEND = YES;
				GCC_C_LANGUAGE_STANDARD = gnu11;
				GCC_NO_COMMON_BLOCKS = YES;
				GCC_WARN_64_TO_32_BIT_CONVERSION = YES;
				GCC_WARN_ABOUT_RETURN_TYPE = YES_ERROR;
				GCC_WARN_UNDECLARED_SELECTOR = YES;
				GCC_WARN_UNINITIALIZED_AUTOS = YES_AGGRESSIVE;
				GCC_WARN_UNUSED_FUNCTION = YES;
				GCC_WARN_UNUSED_VARIABLE = YES;
				IPHONEOS_DEPLOYMENT_TARGET = 14.5;
				MTL_ENABLE_DEBUG_INFO = NO;
				MTL_FAST_MATH = YES;
				SDKROOT = iphoneos;
				SWIFT_COMPILATION_MODE = wholemodule;
				SWIFT_OPTIMIZATION_LEVEL = "-O";
				VALIDATE_PRODUCT = YES;
			};
			name = Release;
		};
		D452B97B267D2ACF002AA357 /* Debug */ = {
			isa = XCBuildConfiguration;
			baseConfigurationReference = 5E0A40EB6C7F214E53F923AB /* Pods-VK_NewsFeed.debug.xcconfig */;
			buildSettings = {
				ASSETCATALOG_COMPILER_APPICON_NAME = AppIcon;
				ASSETCATALOG_COMPILER_GLOBAL_ACCENT_COLOR_NAME = AccentColor;
				CODE_SIGN_STYLE = Automatic;
				DEVELOPMENT_TEAM = J9ZD55BC9Y;
				INFOPLIST_FILE = VK_NewsFeed/Info.plist;
				LD_RUNPATH_SEARCH_PATHS = (
					"$(inherited)",
					"@executable_path/Frameworks",
				);
				PRODUCT_BUNDLE_IDENTIFIER = "Dzmitry-Semianovich.VK-NewsFeed";
				PRODUCT_NAME = "$(TARGET_NAME)";
				SWIFT_VERSION = 5.0;
				TARGETED_DEVICE_FAMILY = "1,2";
			};
			name = Debug;
		};
		D452B97C267D2ACF002AA357 /* Release */ = {
			isa = XCBuildConfiguration;
			baseConfigurationReference = BFF47B1C44E89137E32B4AE4 /* Pods-VK_NewsFeed.release.xcconfig */;
			buildSettings = {
				ASSETCATALOG_COMPILER_APPICON_NAME = AppIcon;
				ASSETCATALOG_COMPILER_GLOBAL_ACCENT_COLOR_NAME = AccentColor;
				CODE_SIGN_STYLE = Automatic;
				DEVELOPMENT_TEAM = J9ZD55BC9Y;
				INFOPLIST_FILE = VK_NewsFeed/Info.plist;
				LD_RUNPATH_SEARCH_PATHS = (
					"$(inherited)",
					"@executable_path/Frameworks",
				);
				PRODUCT_BUNDLE_IDENTIFIER = "Dzmitry-Semianovich.VK-NewsFeed";
				PRODUCT_NAME = "$(TARGET_NAME)";
				SWIFT_VERSION = 5.0;
				TARGETED_DEVICE_FAMILY = "1,2";
			};
			name = Release;
		};
/* End XCBuildConfiguration section */

/* Begin XCConfigurationList section */
		D452B961267D2ACD002AA357 /* Build configuration list for PBXProject "VK_NewsFeed" */ = {
			isa = XCConfigurationList;
			buildConfigurations = (
				D452B978267D2ACF002AA357 /* Debug */,
				D452B979267D2ACF002AA357 /* Release */,
			);
			defaultConfigurationIsVisible = 0;
			defaultConfigurationName = Release;
		};
		D452B97A267D2ACF002AA357 /* Build configuration list for PBXNativeTarget "VK_NewsFeed" */ = {
			isa = XCConfigurationList;
			buildConfigurations = (
				D452B97B267D2ACF002AA357 /* Debug */,
				D452B97C267D2ACF002AA357 /* Release */,
			);
			defaultConfigurationIsVisible = 0;
			defaultConfigurationName = Release;
		};
/* End XCConfigurationList section */
	};
	rootObject = D452B95E267D2ACD002AA357 /* Project object */;
}
